
Microsoft Visual Studio Solution File, Format Version 12.00
# Visual Studio Version 17
VisualStudioVersion = 17.11.35327.3
MinimumVisualStudioVersion = 10.0.40219.1
Project("{9A19103F-16F7-4668-BE54-9A1E7A4F7556}") = "EventManagement.Server", "EventManagement.Server\EventManagement.Server.csproj", "{87BADED5-36CB-4031-9BC7-C5B931AB9765}"
EndProject
Project("{9A19103F-16F7-4668-BE54-9A1E7A4F7556}") = "EventManagement", "EventManagement\EventManagement\EventManagement.csproj", "{070F3837-4D46-4641-8561-2E3E859BFD6F}"
EndProject
Project("{9A19103F-16F7-4668-BE54-9A1E7A4F7556}") = "EventManagement.Client", "EventManagement\EventManagement.Client\EventManagement.Client.csproj", "{8A9BA207-B18D-4936-9FF9-9A5D29724E95}"
EndProject
Project("{9A19103F-16F7-4668-BE54-9A1E7A4F7556}") = "EventManagement.Shared", "EventManagement.Shared\EventManagement.Shared.csproj", "{7A03A599-E6FC-4338-88BB-855E8425D067}"
EndProject
Global
	GlobalSection(SolutionConfigurationPlatforms) = preSolution
		Debug|Any CPU = Debug|Any CPU
		Release|Any CPU = Release|Any CPU
	EndGlobalSection
	GlobalSection(ProjectConfigurationPlatforms) = postSolution
		{87BADED5-36CB-4031-9BC7-C5B931AB9765}.Debug|Any CPU.ActiveCfg = Debug|Any CPU
		{87BADED5-36CB-4031-9BC7-C5B931AB9765}.Debug|Any CPU.Build.0 = Debug|Any CPU
		{87BADED5-36CB-4031-9BC7-C5B931AB9765}.Release|Any CPU.ActiveCfg = Release|Any CPU
		{87BADED5-36CB-4031-9BC7-C5B931AB9765}.Release|Any CPU.Build.0 = Release|Any CPU
		{070F3837-4D46-4641-8561-2E3E859BFD6F}.Debug|Any CPU.ActiveCfg = Debug|Any CPU
		{070F3837-4D46-4641-8561-2E3E859BFD6F}.Debug|Any CPU.Build.0 = Debug|Any CPU
		{070F3837-4D46-4641-8561-2E3E859BFD6F}.Release|Any CPU.ActiveCfg = Release|Any CPU
		{070F3837-4D46-4641-8561-2E3E859BFD6F}.Release|Any CPU.Build.0 = Release|Any CPU
		{8A9BA207-B18D-4936-9FF9-9A5D29724E95}.Debug|Any CPU.ActiveCfg = Debug|Any CPU
		{8A9BA207-B18D-4936-9FF9-9A5D29724E95}.Debug|Any CPU.Build.0 = Debug|Any CPU
		{8A9BA207-B18D-4936-9FF9-9A5D29724E95}.Release|Any CPU.ActiveCfg = Release|Any CPU
		{8A9BA207-B18D-4936-9FF9-9A5D29724E95}.Release|Any CPU.Build.0 = Release|Any CPU
		{7A03A599-E6FC-4338-88BB-855E8425D067}.Debug|Any CPU.ActiveCfg = Debug|Any CPU
		{7A03A599-E6FC-4338-88BB-855E8425D067}.Debug|Any CPU.Build.0 = Debug|Any CPU
		{7A03A599-E6FC-4338-88BB-855E8425D067}.Release|Any CPU.ActiveCfg = Release|Any CPU
		{7A03A599-E6FC-4338-88BB-855E8425D067}.Release|Any CPU.Build.0 = Release|Any CPU
	EndGlobalSection
	GlobalSection(SolutionProperties) = preSolution
		HideSolutionNode = FALSE
	EndGlobalSection
	GlobalSection(ExtensibilityGlobals) = postSolution
		SolutionGuid = {83866A49-3B9D-4D6A-BD4E-535D9E3809C7}
	EndGlobalSection
EndGlobal
